// !$*UTF8*$!
{
	archiveVersion = 1;
	classes = {
	};
	objectVersion = 46;
	objects = {

/* Begin PBXBuildFile section */
		7A62A26B1A654888004D9489 /* main.m in Sources */ = {isa = PBXBuildFile; fileRef = 7A62A26A1A654888004D9489 /* main.m */; };
		7A62A26E1A654888004D9489 /* AppDelegate.m in Sources */ = {isa = PBXBuildFile; fileRef = 7A62A26D1A654888004D9489 /* AppDelegate.m */; };
		7A62A2711A654888004D9489 /* ViewController.m in Sources */ = {isa = PBXBuildFile; fileRef = 7A62A2701A654888004D9489 /* ViewController.m */; };
		7A62A2761A654888004D9489 /* Images.xcassets in Resources */ = {isa = PBXBuildFile; fileRef = 7A62A2751A654888004D9489 /* Images.xcassets */; };
		7A62A2791A654888004D9489 /* LaunchScreen.xib in Resources */ = {isa = PBXBuildFile; fileRef = 7A62A2771A654888004D9489 /* LaunchScreen.xib */; };
		7A62A2851A654889004D9489 /* _____Tests.m in Sources */ = {isa = PBXBuildFile; fileRef = 7A62A2841A654889004D9489 /* _____Tests.m */; };
		7AC7F50E1A77B10C00494DBC /* Main.storyboard in Resources */ = {isa = PBXBuildFile; fileRef = 7AC7F50C1A77B10C00494DBC /* Main.storyboard */; };
		7AC7F5141A77BE4D00494DBC /* View2ViewController.m in Sources */ = {isa = PBXBuildFile; fileRef = 7AC7F5131A77BE4D00494DBC /* View2ViewController.m */; };
/* End PBXBuildFile section */

/* Begin PBXContainerItemProxy section */
		7A62A27F1A654889004D9489 /* PBXContainerItemProxy */ = {
			isa = PBXContainerItemProxy;
			containerPortal = 7A62A25D1A654888004D9489 /* Project object */;
			proxyType = 1;
			remoteGlobalIDString = 7A62A2641A654888004D9489;
			remoteInfo = "連打力測定";
		};
/* End PBXContainerItemProxy section */

/* Begin PBXFileReference section */
		7A62A2651A654888004D9489 /* 連打力測定.app */ = {isa = PBXFileReference; explicitFileType = wrapper.application; includeInIndex = 0; path = "連打力測定.app"; sourceTree = BUILT_PRODUCTS_DIR; };
		7A62A2691A654888004D9489 /* Info.plist */ = {isa = PBXFileReference; lastKnownFileType = text.plist.xml; path = Info.plist; sourceTree = "<group>"; };
		7A62A26A1A654888004D9489 /* main.m */ = {isa = PBXFileReference; lastKnownFileType = sourcecode.c.objc; path = main.m; sourceTree = "<group>"; };
		7A62A26C1A654888004D9489 /* AppDelegate.h */ = {isa = PBXFileReference; lastKnownFileType = sourcecode.c.h; path = AppDelegate.h; sourceTree = "<group>"; };
		7A62A26D1A654888004D9489 /* AppDelegate.m */ = {isa = PBXFileReference; lastKnownFileType = sourcecode.c.objc; path = AppDelegate.m; sourceTree = "<group>"; };
		7A62A26F1A654888004D9489 /* ViewController.h */ = {isa = PBXFileReference; lastKnownFileType = sourcecode.c.h; path = ViewController.h; sourceTree = "<group>"; };
		7A62A2701A654888004D9489 /* ViewController.m */ = {isa = PBXFileReference; lastKnownFileType = sourcecode.c.objc; path = ViewController.m; sourceTree = "<group>"; };
		7A62A2751A654888004D9489 /* Images.xcassets */ = {isa = PBXFileReference; lastKnownFileType = folder.assetcatalog; path = Images.xcassets; sourceTree = "<group>"; };
		7A62A2781A654888004D9489 /* Base */ = {isa = PBXFileReference; lastKnownFileType = file.xib; name = Base; path = Base.lproj/LaunchScreen.xib; sourceTree = "<group>"; };
		7A62A27E1A654889004D9489 /* 連打力測定Tests.xctest */ = {isa = PBXFileReference; explicitFileType = wrapper.cfbundle; includeInIndex = 0; path = "連打力測定Tests.xctest"; sourceTree = BUILT_PRODUCTS_DIR; };
		7A62A2831A654889004D9489 /* Info.plist */ = {isa = PBXFileReference; lastKnownFileType = text.plist.xml; path = Info.plist; sourceTree = "<group>"; };
		7A62A2841A654889004D9489 /* _____Tests.m */ = {isa = PBXFileReference; lastKnownFileType = sourcecode.c.objc; path = "_____Tests.m"; sourceTree = "<group>"; };
		7AC7F50D1A77B10C00494DBC /* Base */ = {isa = PBXFileReference; lastKnownFileType = file.storyboard; name = Base; path = "-/連打力測定/Base.lproj/Main.storyboard"; sourceTree = "<group>"; };
		7AC7F5121A77BE4D00494DBC /* View2ViewController.h */ = {isa = PBXFileReference; fileEncoding = 4; lastKnownFileType = sourcecode.c.h; path = View2ViewController.h; sourceTree = "<group>"; };
		7AC7F5131A77BE4D00494DBC /* View2ViewController.m */ = {isa = PBXFileReference; fileEncoding = 4; lastKnownFileType = sourcecode.c.objc; path = View2ViewController.m; sourceTree = "<group>"; };
/* End PBXFileReference section */

/* Begin PBXFrameworksBuildPhase section */
		7A62A2621A654888004D9489 /* Frameworks */ = {
			isa = PBXFrameworksBuildPhase;
			buildActionMask = 2147483647;
			files = (
			);
			runOnlyForDeploymentPostprocessing = 0;
		};
		7A62A27B1A654889004D9489 /* Frameworks */ = {
			isa = PBXFrameworksBuildPhase;
			buildActionMask = 2147483647;
			files = (
			);
			runOnlyForDeploymentPostprocessing = 0;
		};
/* End PBXFrameworksBuildPhase section */

/* Begin PBXGroup section */
		7A62A25C1A654888004D9489 = {
			isa = PBXGroup;
			children = (
				7A62A2671A654888004D9489 /* 連打力測定 */,
				7A62A2811A654889004D9489 /* 連打力測定Tests */,
				7A62A2661A654888004D9489 /* Products */,
			);
			sourceTree = "<group>";
		};
		7A62A2661A654888004D9489 /* Products */ = {
			isa = PBXGroup;
			children = (
				7A62A2651A654888004D9489 /* 連打力測定.app */,
				7A62A27E1A654889004D9489 /* 連打力測定Tests.xctest */,
			);
			name = Products;
			sourceTree = "<group>";
		};
		7A62A2671A654888004D9489 /* 連打力測定 */ = {
			isa = PBXGroup;
			children = (
				7A62A26C1A654888004D9489 /* AppDelegate.h */,
				7A62A26D1A654888004D9489 /* AppDelegate.m */,
				7A62A26F1A654888004D9489 /* ViewController.h */,
				7A62A2701A654888004D9489 /* ViewController.m */,
				7AC7F5121A77BE4D00494DBC /* View2ViewController.h */,
				7AC7F5131A77BE4D00494DBC /* View2ViewController.m */,
				7AC7F50C1A77B10C00494DBC /* Main.storyboard */,
				7A62A2751A654888004D9489 /* Images.xcassets */,
				7A62A2771A654888004D9489 /* LaunchScreen.xib */,
				7A62A2681A654888004D9489 /* Supporting Files */,
			);
			path = "連打力測定";
			sourceTree = "<group>";
		};
		7A62A2681A654888004D9489 /* Supporting Files */ = {
			isa = PBXGroup;
			children = (
				7A62A2691A654888004D9489 /* Info.plist */,
				7A62A26A1A654888004D9489 /* main.m */,
			);
			name = "Supporting Files";
			sourceTree = "<group>";
		};
		7A62A2811A654889004D9489 /* 連打力測定Tests */ = {
			isa = PBXGroup;
			children = (
				7A62A2841A654889004D9489 /* _____Tests.m */,
				7A62A2821A654889004D9489 /* Supporting Files */,
			);
			path = "連打力測定Tests";
			sourceTree = "<group>";
		};
		7A62A2821A654889004D9489 /* Supporting Files */ = {
			isa = PBXGroup;
			children = (
				7A62A2831A654889004D9489 /* Info.plist */,
			);
			name = "Supporting Files";
			sourceTree = "<group>";
		};
/* End PBXGroup section */

/* Begin PBXNativeTarget section */
		7A62A2641A654888004D9489 /* 連打力測定 */ = {
			isa = PBXNativeTarget;
			buildConfigurationList = 7A62A2881A654889004D9489 /* Build configuration list for PBXNativeTarget "連打力測定" */;
			buildPhases = (
				7A62A2611A654888004D9489 /* Sources */,
				7A62A2621A654888004D9489 /* Frameworks */,
				7A62A2631A654888004D9489 /* Resources */,
			);
			buildRules = (
			);
			dependencies = (
			);
			name = "連打力測定";
			productName = "連打力測定";
			productReference = 7A62A2651A654888004D9489 /* 連打力測定.app */;
			productType = "com.apple.product-type.application";
		};
		7A62A27D1A654889004D9489 /* 連打力測定Tests */ = {
			isa = PBXNativeTarget;
			buildConfigurationList = 7A62A28B1A654889004D9489 /* Build configuration list for PBXNativeTarget "連打力測定Tests" */;
			buildPhases = (
				7A62A27A1A654889004D9489 /* Sources */,
				7A62A27B1A654889004D9489 /* Frameworks */,
				7A62A27C1A654889004D9489 /* Resources */,
			);
			buildRules = (
			);
			dependencies = (
				7A62A2801A654889004D9489 /* PBXTargetDependency */,
			);
			name = "連打力測定Tests";
			productName = "連打力測定Tests";
			productReference = 7A62A27E1A654889004D9489 /* 連打力測定Tests.xctest */;
			productType = "com.apple.product-type.bundle.unit-test";
		};
/* End PBXNativeTarget section */

/* Begin PBXProject section */
		7A62A25D1A654888004D9489 /* Project object */ = {
			isa = PBXProject;
			attributes = {
				LastUpgradeCheck = 0610;
				ORGANIZATIONNAME = "奥村";
				TargetAttributes = {
					7A62A2641A654888004D9489 = {
						CreatedOnToolsVersion = 6.1.1;
					};
					7A62A27D1A654889004D9489 = {
						CreatedOnToolsVersion = 6.1.1;
						TestTargetID = 7A62A2641A654888004D9489;
					};
				};
			};
			buildConfigurationList = 7A62A2601A654888004D9489 /* Build configuration list for PBXProject "連打力測定" */;
			compatibilityVersion = "Xcode 3.2";
			developmentRegion = English;
			hasScannedForEncodings = 0;
			knownRegions = (
				en,
				Base,
			);
			mainGroup = 7A62A25C1A654888004D9489;
			productRefGroup = 7A62A2661A654888004D9489 /* Products */;
			projectDirPath = "";
			projectRoot = "";
			targets = (
				7A62A2641A654888004D9489 /* 連打力測定 */,
				7A62A27D1A654889004D9489 /* 連打力測定Tests */,
			);
		};
/* End PBXProject section */

/* Begin PBXResourcesBuildPhase section */
		7A62A2631A654888004D9489 /* Resources */ = {
			isa = PBXResourcesBuildPhase;
			buildActionMask = 2147483647;
			files = (
				7A62A2791A654888004D9489 /* LaunchScreen.xib in Resources */,
				7A62A2761A654888004D9489 /* Images.xcassets in Resources */,
				7AC7F50E1A77B10C00494DBC /* Main.storyboard in Resources */,
			);
			runOnlyForDeploymentPostprocessing = 0;
		};
		7A62A27C1A654889004D9489 /* Resources */ = {
			isa = PBXResourcesBuildPhase;
			buildActionMask = 2147483647;
			files = (
			);
			runOnlyForDeploymentPostprocessing = 0;
		};
/* End PBXResourcesBuildPhase section */

/* Begin PBXSourcesBuildPhase section */
		7A62A2611A654888004D9489 /* Sources */ = {
			isa = PBXSourcesBuildPhase;
			buildActionMask = 2147483647;
			files = (
				7AC7F5141A77BE4D00494DBC /* View2ViewController.m in Sources */,
				7A62A2711A654888004D9489 /* ViewController.m in Sources */,
				7A62A26E1A654888004D9489 /* AppDelegate.m in Sources */,
				7A62A26B1A654888004D9489 /* main.m in Sources */,
			);
			runOnlyForDeploymentPostprocessing = 0;
		};
		7A62A27A1A654889004D9489 /* Sources */ = {
			isa = PBXSourcesBuildPhase;
			buildActionMask = 2147483647;
			files = (
				7A62A2851A654889004D9489 /* _____Tests.m in Sources */,
			);
			runOnlyForDeploymentPostprocessing = 0;
		};
/* End PBXSourcesBuildPhase section */

/* Begin PBXTargetDependency section */
		7A62A2801A654889004D9489 /* PBXTargetDependency */ = {
			isa = PBXTargetDependency;
			target = 7A62A2641A654888004D9489 /* 連打力測定 */;
			targetProxy = 7A62A27F1A654889004D9489 /* PBXContainerItemProxy */;
		};
/* End PBXTargetDependency section */

/* Begin PBXVariantGroup section */
		7A62A2771A654888004D9489 /* LaunchScreen.xib */ = {
			isa = PBXVariantGroup;
			children = (
				7A62A2781A654888004D9489 /* Base */,
			);
			name = LaunchScreen.xib;
			sourceTree = "<group>";
		};
		7AC7F50C1A77B10C00494DBC /* Main.storyboard */ = {
			isa = PBXVariantGroup;
			children = (
				7AC7F50D1A77B10C00494DBC /* Base */,
			);
			name = Main.storyboard;
			sourceTree = "<group>";
		};
/* End PBXVariantGroup section */

/* Begin XCBuildConfiguration section */
		7A62A2861A654889004D9489 /* Debug */ = {
			isa = XCBuildConfiguration;
			buildSettings = {
				ALWAYS_SEARCH_USER_PATHS = NO;
				CLANG_CXX_LANGUAGE_STANDARD = "gnu++0x";
				CLANG_CXX_LIBRARY = "libc++";
				CLANG_ENABLE_MODULES = YES;
				CLANG_ENABLE_OBJC_ARC = YES;
				CLANG_WARN_BOOL_CONVERSION = YES;
				CLANG_WARN_CONSTANT_CONVERSION = YES;
				CLANG_WARN_DIRECT_OBJC_ISA_USAGE = YES_ERROR;
				CLANG_WARN_EMPTY_BODY = YES;
				CLANG_WARN_ENUM_CONVERSION = YES;
				CLANG_WARN_INT_CONVERSION = YES;
				CLANG_WARN_OBJC_ROOT_CLASS = YES_ERROR;
				CLANG_WARN_UNREACHABLE_CODE = YES;
				CLANG_WARN__DUPLICATE_METHOD_MATCH = YES;
				"CODE_SIGN_IDENTITY[sdk=iphoneos*]" = "iPhone Developer";
				COPY_PHASE_STRIP = NO;
				ENABLE_STRICT_OBJC_MSGSEND = YES;
				GCC_C_LANGUAGE_STANDARD = gnu99;
				GCC_DYNAMIC_NO_PIC = NO;
				GCC_OPTIMIZATION_LEVEL = 0;
				GCC_PREPROCESSOR_DEFINITIONS = (
					"DEBUG=1",
					"$(inherited)",
				);
				GCC_SYMBOLS_PRIVATE_EXTERN = NO;
				GCC_WARN_64_TO_32_BIT_CONVERSION = YES;
				GCC_WARN_ABOUT_RETURN_TYPE = YES_ERROR;
				GCC_WARN_UNDECLARED_SELECTOR = YES;
				GCC_WARN_UNINITIALIZED_AUTOS = YES_AGGRESSIVE;
				GCC_WARN_UNUSED_FUNCTION = YES;
				GCC_WARN_UNUSED_VARIABLE = YES;
				IPHONEOS_DEPLOYMENT_TARGET = 8.1;
				MTL_ENABLE_DEBUG_INFO = YES;
				ONLY_ACTIVE_ARCH = YES;
				SDKROOT = iphoneos;
			};
			name = Debug;
		};
		7A62A2871A654889004D9489 /* Release */ = {
			isa = XCBuildConfiguration;
			buildSettings = {
				ALWAYS_SEARCH_USER_PATHS = NO;
				CLANG_CXX_LANGUAGE_STANDARD = "gnu++0x";
				CLANG_CXX_LIBRARY = "libc++";
				CLANG_ENABLE_MODULES = YES;
				CLANG_ENABLE_OBJC_ARC = YES;
				CLANG_WARN_BOOL_CONVERSION = YES;
				CLANG_WARN_CONSTANT_CONVERSION = YES;
				CLANG_WARN_DIRECT_OBJC_ISA_USAGE = YES_ERROR;
				CLANG_WARN_EMPTY_BODY = YES;
				CLANG_WARN_ENUM_CONVERSION = YES;
				CLANG_WARN_INT_CONVERSION = YES;
				CLANG_WARN_OBJC_ROOT_CLASS = YES_ERROR;
				CLANG_WARN_UNREACHABLE_CODE = YES;
				CLANG_WARN__DUPLICATE_METHOD_MATCH = YES;
				"CODE_SIGN_IDENTITY[sdk=iphoneos*]" = "iPhone Developer";
				COPY_PHASE_STRIP = YES;
				ENABLE_NS_ASSERTIONS = NO;
				ENABLE_STRICT_OBJC_MSGSEND = YES;
				GCC_C_LANGUAGE_STANDARD = gnu99;
				GCC_WARN_64_TO_32_BIT_CONVERSION = YES;
				GCC_WARN_ABOUT_RETURN_TYPE = YES_ERROR;
				GCC_WARN_UNDECLARED_SELECTOR = YES;
				GCC_WARN_UNINITIALIZED_AUTOS = YES_AGGRESSIVE;
				GCC_WARN_UNUSED_FUNCTION = YES;
				GCC_WARN_UNUSED_VARIABLE = YES;
				IPHONEOS_DEPLOYMENT_TARGET = 8.1;
				MTL_ENABLE_DEBUG_INFO = NO;
				SDKROOT = iphoneos;
				VALIDATE_PRODUCT = YES;
			};
			name = Release;
		};
		7A62A2891A654889004D9489 /* Debug */ = {
			isa = XCBuildConfiguration;
			buildSettings = {
				ASSETCATALOG_COMPILER_APPICON_NAME = AppIcon;
				INFOPLIST_FILE = "連打力測定/Info.plist";
				LD_RUNPATH_SEARCH_PATHS = "$(inherited) @executable_path/Frameworks";
				PRODUCT_NAME = "$(TARGET_NAME)";
			};
			name = Debug;
		};
		7A62A28A1A654889004D9489 /* Release */ = {
			isa = XCBuildConfiguration;
			buildSettings = {
				ASSETCATALOG_COMPILER_APPICON_NAME = AppIcon;
				INFOPLIST_FILE = "連打力測定/Info.plist";
				LD_RUNPATH_SEARCH_PATHS = "$(inherited) @executable_path/Frameworks";
				PRODUCT_NAME = "$(TARGET_NAME)";
			};
			name = Release;
		};
		7A62A28C1A654889004D9489 /* Debug */ = {
			isa = XCBuildConfiguration;
			buildSettings = {
				BUNDLE_LOADER = "$(TEST_HOST)";
				FRAMEWORK_SEARCH_PATHS = (
					"$(SDKROOT)/Developer/Library/Frameworks",
					"$(inherited)",
				);
				GCC_PREPROCESSOR_DEFINITIONS = (
					"DEBUG=1",
					"$(inherited)",
				);
				INFOPLIST_FILE = "連打力測定Tests/Info.plist";
				LD_RUNPATH_SEARCH_PATHS = "$(inherited) @executable_path/Frameworks @loader_path/Frameworks";
				PRODUCT_NAME = "$(TARGET_NAME)";
				TEST_HOST = "$(BUILT_PRODUCTS_DIR)/連打力測定.app/連打力測定";
			};
			name = Debug;
		};
		7A62A28D1A654889004D9489 /* Release */ = {
			isa = XCBuildConfiguration;
			buildSettings = {
				BUNDLE_LOADER = "$(TEST_HOST)";
				FRAMEWORK_SEARCH_PATHS = (
					"$(SDKROOT)/Developer/Library/Frameworks",
					"$(inherited)",
				);
				INFOPLIST_FILE = "連打力測定Tests/Info.plist";
				LD_RUNPATH_SEARCH_PATHS = "$(inherited) @executable_path/Frameworks @loader_path/Frameworks";
				PRODUCT_NAME = "$(TARGET_NAME)";
				TEST_HOST = "$(BUILT_PRODUCTS_DIR)/連打力測定.app/連打力測定";
			};
			name = Release;
		};
/* End XCBuildConfiguration section */

/* Begin XCConfigurationList section */
		7A62A2601A654888004D9489 /* Build configuration list for PBXProject "連打力測定" */ = {
			isa = XCConfigurationList;
			buildConfigurations = (
				7A62A2861A654889004D9489 /* Debug */,
				7A62A2871A654889004D9489 /* Release */,
			);
			defaultConfigurationIsVisible = 0;
			defaultConfigurationName = Release;
		};
		7A62A2881A654889004D9489 /* Build configuration list for PBXNativeTarget "連打力測定" */ = {
			isa = XCConfigurationList;
			buildConfigurations = (
				7A62A2891A654889004D9489 /* Debug */,
				7A62A28A1A654889004D9489 /* Release */,
			);
			defaultConfigurationIsVisible = 0;
			defaultConfigurationName = Release;
		};
		7A62A28B1A654889004D9489 /* Build configuration list for PBXNativeTarget "連打力測定Tests" */ = {
			isa = XCConfigurationList;
			buildConfigurations = (
				7A62A28C1A654889004D9489 /* Debug */,
				7A62A28D1A654889004D9489 /* Release */,
			);
			defaultConfigurationIsVisible = 0;
			defaultConfigurationName = Release;
		};
/* End XCConfigurationList section */
	};
	rootObject = 7A62A25D1A654888004D9489 /* Project object */;
}
